
Microsoft Visual Studio Solution File, Format Version 12.00
# Visual Studio Version 17
VisualStudioVersion = 17.4.33213.308
MinimumVisualStudioVersion = 10.0.40219.1
Project("{2150E333-8FDC-42A3-9474-1A3956D46DE8}") = "src", "src", "{61C82853-5A4C-411F-89CD-8CD58AC85391}"
EndProject
Project("{2150E333-8FDC-42A3-9474-1A3956D46DE8}") = "Core", "Core", "{C9D92D9D-B1CB-4F32-8917-C63EF51AFC19}"
EndProject
Project("{2150E333-8FDC-42A3-9474-1A3956D46DE8}") = "Infrastructure", "Infrastructure", "{307DD87F-3FA0-426A-99EA-FE9B4D325EE8}"
EndProject
Project("{2150E333-8FDC-42A3-9474-1A3956D46DE8}") = "Presentation", "Presentation", "{C4C3EFFF-3929-41D8-B621-CE1BD228D982}"
EndProject
Project("{2150E333-8FDC-42A3-9474-1A3956D46DE8}") = "Test", "Test", "{C478D09B-F7B1-4E16-8B1C-6450A094C45B}"
EndProject
Project("{FAE04EC0-301F-11D3-BF4B-00C04F79EFBC}") = "Application", "src\Application\Application.csproj", "{796243E3-9D8A-4982-9E0C-C91D5CD7B4F1}"
EndProject
Project("{FAE04EC0-301F-11D3-BF4B-00C04F79EFBC}") = "Common", "src\Common\Common.csproj", "{CD914F9E-1CE0-4FB5-A4D9-7A504BB0E99F}"
EndProject
Project("{FAE04EC0-301F-11D3-BF4B-00C04F79EFBC}") = "Domain", "src\Domain\Domain.csproj", "{4BEBB993-839B-44F5-9901-810A1D87AD82}"
EndProject
Project("{FAE04EC0-301F-11D3-BF4B-00C04F79EFBC}") = "Infrastructure", "src\Infrastructure\Infrastructure.csproj", "{D09785C7-88EB-4041-9B54-18739F0E7F95}"
EndProject
Project("{FAE04EC0-301F-11D3-BF4B-00C04F79EFBC}") = "Persistence", "src\Persistence\Persistence.csproj", "{7AD3AEB9-2588-4B6E-A53E-68036D2CEEDB}"
EndProject
Project("{FAE04EC0-301F-11D3-BF4B-00C04F79EFBC}") = "API", "src\API\API.csproj", "{7506ABA8-48B0-4ACC-8913-5A2B4732375C}"
EndProject
Project("{FAE04EC0-301F-11D3-BF4B-00C04F79EFBC}") = "ClientBlazor", "src\ClientBlazor\ClientBlazor.csproj", "{446ACE4B-E14E-4174-AD99-FCC7500CA76E}"
EndProject
Project("{FAE04EC0-301F-11D3-BF4B-00C04F79EFBC}") = "Api.BDDTest", "Test\Api.BDDTest\Api.BDDTest.csproj", "{8335851A-EECD-42C2-9A9A-81ED8FD29F65}"
EndProject
Project("{FAE04EC0-301F-11D3-BF4B-00C04F79EFBC}") = "Application.Test", "Test\Application.Test\Application.Test.csproj", "{1C0642C1-5023-440D-A9C5-C026C1AD6CBD}"
EndProject
Project("{FAE04EC0-301F-11D3-BF4B-00C04F79EFBC}") = "Domain.Test", "Test\Domain.Test\Domain.Test.csproj", "{84735751-84D2-4F48-BF22-EA0D870EEB82}"
EndProject
Project("{FAE04EC0-301F-11D3-BF4B-00C04F79EFBC}") = "Infrastructure.Test", "Test\Infrastructure.Test\Infrastructure.Test.csproj", "{CF4DFCD9-FDA6-42CA-A9BA-5F5B2682E896}"
EndProject
Project("{FAE04EC0-301F-11D3-BF4B-00C04F79EFBC}") = "Persistence.Test", "Test\Persistence.Test\Persistence.Test.csproj", "{D9F9BDD7-683B-4782-9539-ED5B11763129}"
EndProject
Global
	GlobalSection(SolutionConfigurationPlatforms) = preSolution
		Debug|Any CPU = Debug|Any CPU
		Release|Any CPU = Release|Any CPU
	EndGlobalSection
	GlobalSection(ProjectConfigurationPlatforms) = postSolution
		{796243E3-9D8A-4982-9E0C-C91D5CD7B4F1}.Debug|Any CPU.ActiveCfg = Debug|Any CPU
		{796243E3-9D8A-4982-9E0C-C91D5CD7B4F1}.Debug|Any CPU.Build.0 = Debug|Any CPU
		{796243E3-9D8A-4982-9E0C-C91D5CD7B4F1}.Release|Any CPU.ActiveCfg = Release|Any CPU
		{796243E3-9D8A-4982-9E0C-C91D5CD7B4F1}.Release|Any CPU.Build.0 = Release|Any CPU
		{CD914F9E-1CE0-4FB5-A4D9-7A504BB0E99F}.Debug|Any CPU.ActiveCfg = Debug|Any CPU
		{CD914F9E-1CE0-4FB5-A4D9-7A504BB0E99F}.Debug|Any CPU.Build.0 = Debug|Any CPU
		{CD914F9E-1CE0-4FB5-A4D9-7A504BB0E99F}.Release|Any CPU.ActiveCfg = Release|Any CPU
		{CD914F9E-1CE0-4FB5-A4D9-7A504BB0E99F}.Release|Any CPU.Build.0 = Release|Any CPU
		{4BEBB993-839B-44F5-9901-810A1D87AD82}.Debug|Any CPU.ActiveCfg = Debug|Any CPU
		{4BEBB993-839B-44F5-9901-810A1D87AD82}.Debug|Any CPU.Build.0 = Debug|Any CPU
		{4BEBB993-839B-44F5-9901-810A1D87AD82}.Release|Any CPU.ActiveCfg = Release|Any CPU
		{4BEBB993-839B-44F5-9901-810A1D87AD82}.Release|Any CPU.Build.0 = Release|Any CPU
		{D09785C7-88EB-4041-9B54-18739F0E7F95}.Debug|Any CPU.ActiveCfg = Debug|Any CPU
		{D09785C7-88EB-4041-9B54-18739F0E7F95}.Debug|Any CPU.Build.0 = Debug|Any CPU
		{D09785C7-88EB-4041-9B54-18739F0E7F95}.Release|Any CPU.ActiveCfg = Release|Any CPU
		{D09785C7-88EB-4041-9B54-18739F0E7F95}.Release|Any CPU.Build.0 = Release|Any CPU
		{7AD3AEB9-2588-4B6E-A53E-68036D2CEEDB}.Debug|Any CPU.ActiveCfg = Debug|Any CPU
		{7AD3AEB9-2588-4B6E-A53E-68036D2CEEDB}.Debug|Any CPU.Build.0 = Debug|Any CPU
		{7AD3AEB9-2588-4B6E-A53E-68036D2CEEDB}.Release|Any CPU.ActiveCfg = Release|Any CPU
		{7AD3AEB9-2588-4B6E-A53E-68036D2CEEDB}.Release|Any CPU.Build.0 = Release|Any CPU
		{7506ABA8-48B0-4ACC-8913-5A2B4732375C}.Debug|Any CPU.ActiveCfg = Debug|Any CPU
		{7506ABA8-48B0-4ACC-8913-5A2B4732375C}.Debug|Any CPU.Build.0 = Debug|Any CPU
		{7506ABA8-48B0-4ACC-8913-5A2B4732375C}.Release|Any CPU.ActiveCfg = Release|Any CPU
		{7506ABA8-48B0-4ACC-8913-5A2B4732375C}.Release|Any CPU.Build.0 = Release|Any CPU
		{446ACE4B-E14E-4174-AD99-FCC7500CA76E}.Debug|Any CPU.ActiveCfg = Debug|Any CPU
		{446ACE4B-E14E-4174-AD99-FCC7500CA76E}.Debug|Any CPU.Build.0 = Debug|Any CPU
		{446ACE4B-E14E-4174-AD99-FCC7500CA76E}.Release|Any CPU.ActiveCfg = Release|Any CPU
		{446ACE4B-E14E-4174-AD99-FCC7500CA76E}.Release|Any CPU.Build.0 = Release|Any CPU
		{8335851A-EECD-42C2-9A9A-81ED8FD29F65}.Debug|Any CPU.ActiveCfg = Debug|Any CPU
		{8335851A-EECD-42C2-9A9A-81ED8FD29F65}.Debug|Any CPU.Build.0 = Debug|Any CPU
		{8335851A-EECD-42C2-9A9A-81ED8FD29F65}.Release|Any CPU.ActiveCfg = Release|Any CPU
		{8335851A-EECD-42C2-9A9A-81ED8FD29F65}.Release|Any CPU.Build.0 = Release|Any CPU
		{1C0642C1-5023-440D-A9C5-C026C1AD6CBD}.Debug|Any CPU.ActiveCfg = Debug|Any CPU
		{1C0642C1-5023-440D-A9C5-C026C1AD6CBD}.Debug|Any CPU.Build.0 = Debug|Any CPU
		{1C0642C1-5023-440D-A9C5-C026C1AD6CBD}.Release|Any CPU.ActiveCfg = Release|Any CPU
		{1C0642C1-5023-440D-A9C5-C026C1AD6CBD}.Release|Any CPU.Build.0 = Release|Any CPU
		{84735751-84D2-4F48-BF22-EA0D870EEB82}.Debug|Any CPU.ActiveCfg = Debug|Any CPU
		{84735751-84D2-4F48-BF22-EA0D870EEB82}.Debug|Any CPU.Build.0 = Debug|Any CPU
		{84735751-84D2-4F48-BF22-EA0D870EEB82}.Release|Any CPU.ActiveCfg = Release|Any CPU
		{84735751-84D2-4F48-BF22-EA0D870EEB82}.Release|Any CPU.Build.0 = Release|Any CPU
		{CF4DFCD9-FDA6-42CA-A9BA-5F5B2682E896}.Debug|Any CPU.ActiveCfg = Debug|Any CPU
		{CF4DFCD9-FDA6-42CA-A9BA-5F5B2682E896}.Debug|Any CPU.Build.0 = Debug|Any CPU
		{CF4DFCD9-FDA6-42CA-A9BA-5F5B2682E896}.Release|Any CPU.ActiveCfg = Release|Any CPU
		{CF4DFCD9-FDA6-42CA-A9BA-5F5B2682E896}.Release|Any CPU.Build.0 = Release|Any CPU
		{D9F9BDD7-683B-4782-9539-ED5B11763129}.Debug|Any CPU.ActiveCfg = Debug|Any CPU
		{D9F9BDD7-683B-4782-9539-ED5B11763129}.Debug|Any CPU.Build.0 = Debug|Any CPU
		{D9F9BDD7-683B-4782-9539-ED5B11763129}.Release|Any CPU.ActiveCfg = Release|Any CPU
		{D9F9BDD7-683B-4782-9539-ED5B11763129}.Release|Any CPU.Build.0 = Release|Any CPU
	EndGlobalSection
	GlobalSection(SolutionProperties) = preSolution
		HideSolutionNode = FALSE
	EndGlobalSection
	GlobalSection(NestedProjects) = preSolution
		{C9D92D9D-B1CB-4F32-8917-C63EF51AFC19} = {61C82853-5A4C-411F-89CD-8CD58AC85391}
		{307DD87F-3FA0-426A-99EA-FE9B4D325EE8} = {61C82853-5A4C-411F-89CD-8CD58AC85391}
		{C4C3EFFF-3929-41D8-B621-CE1BD228D982} = {61C82853-5A4C-411F-89CD-8CD58AC85391}
		{796243E3-9D8A-4982-9E0C-C91D5CD7B4F1} = {C9D92D9D-B1CB-4F32-8917-C63EF51AFC19}
		{CD914F9E-1CE0-4FB5-A4D9-7A504BB0E99F} = {C9D92D9D-B1CB-4F32-8917-C63EF51AFC19}
		{4BEBB993-839B-44F5-9901-810A1D87AD82} = {C9D92D9D-B1CB-4F32-8917-C63EF51AFC19}
		{D09785C7-88EB-4041-9B54-18739F0E7F95} = {307DD87F-3FA0-426A-99EA-FE9B4D325EE8}
		{7AD3AEB9-2588-4B6E-A53E-68036D2CEEDB} = {307DD87F-3FA0-426A-99EA-FE9B4D325EE8}
		{7506ABA8-48B0-4ACC-8913-5A2B4732375C} = {C4C3EFFF-3929-41D8-B621-CE1BD228D982}
		{446ACE4B-E14E-4174-AD99-FCC7500CA76E} = {C4C3EFFF-3929-41D8-B621-CE1BD228D982}
		{8335851A-EECD-42C2-9A9A-81ED8FD29F65} = {C478D09B-F7B1-4E16-8B1C-6450A094C45B}
		{1C0642C1-5023-440D-A9C5-C026C1AD6CBD} = {C478D09B-F7B1-4E16-8B1C-6450A094C45B}
		{84735751-84D2-4F48-BF22-EA0D870EEB82} = {C478D09B-F7B1-4E16-8B1C-6450A094C45B}
		{CF4DFCD9-FDA6-42CA-A9BA-5F5B2682E896} = {C478D09B-F7B1-4E16-8B1C-6450A094C45B}
		{D9F9BDD7-683B-4782-9539-ED5B11763129} = {C478D09B-F7B1-4E16-8B1C-6450A094C45B}
	EndGlobalSection
	GlobalSection(ExtensibilityGlobals) = postSolution
		SolutionGuid = {4B5A26C9-68C1-49D9-9F32-AF907A1730C2}
	EndGlobalSection
EndGlobal
